
Microsoft Visual Studio Solution File, Format Version 12.00
# Visual Studio 14
VisualStudioVersion = 14.0.25123.0
MinimumVisualStudioVersion = 10.0.40219.1
Project("{FAE04EC0-301F-11D3-BF4B-00C04F79EFBC}") = "AutoChamada", "Sinatra\AutoChamada.csproj", "{15369953-2CD0-439A-98A1-7582E8916535}"
EndProject
Project("{FAE04EC0-301F-11D3-BF4B-00C04F79EFBC}") = "EscolaLivre", "EscolaLivre\EscolaLivre.csproj", "{21951562-9CD0-4F98-B951-967C9B89F06B}"
EndProject
Global
	GlobalSection(SolutionConfigurationPlatforms) = preSolution
		Debug|Any CPU = Debug|Any CPU
		Release|Any CPU = Release|Any CPU
	EndGlobalSection
	GlobalSection(ProjectConfigurationPlatforms) = postSolution
		{15369953-2CD0-439A-98A1-7582E8916535}.Debug|Any CPU.ActiveCfg = Debug|Any CPU
		{15369953-2CD0-439A-98A1-7582E8916535}.Debug|Any CPU.Build.0 = Debug|Any CPU
		{15369953-2CD0-439A-98A1-7582E8916535}.Release|Any CPU.ActiveCfg = Release|Any CPU
		{15369953-2CD0-439A-98A1-7582E8916535}.Release|Any CPU.Build.0 = Release|Any CPU
		{21951562-9CD0-4F98-B951-967C9B89F06B}.Debug|Any CPU.ActiveCfg = Debug|Any CPU
		{21951562-9CD0-4F98-B951-967C9B89F06B}.Debug|Any CPU.Build.0 = Debug|Any CPU
		{21951562-9CD0-4F98-B951-967C9B89F06B}.Release|Any CPU.ActiveCfg = Release|Any CPU
		{21951562-9CD0-4F98-B951-967C9B89F06B}.Release|Any CPU.Build.0 = Release|Any CPU
	EndGlobalSection
	GlobalSection(SolutionProperties) = preSolution
		HideSolutionNode = FALSE
	EndGlobalSection
EndGlobal
